{
  "version": 4,
  "terraform_version": "1.12.2",
  "serial": 6,
  "lineage": "4bb39629-599b-fe16-589c-c8cda4c7ee5c",
  "outputs": {
    "devops_op_trainer": {
      "value": "bhardwaj",
      "type": "string"
    }
  },
  "resources": [
    {
      "mode": "managed",
      "type": "local_file",
      "name": "devops",
      "provider": "provider[\"registry.terraform.io/hashicorp/local\"]",
      "instances": [
        {
          "schema_version": 0,
          "attributes": {
            "content": "This is a devops test file",
            "content_base64": null,
            "content_base64sha256": "WoT+c5nuoeXh7DLK3zzzxwE91HuXjjlgDOeNzSmGUYs=",
            "content_base64sha512": "bEMJY3PluKRHYuK1uKJVQQtTnjkn3Ay3Cv5KR81wQEuxWVUnTrJ3f9oxs/mXDL5/B5nX2UN3qNqygFisdAxfJQ==",
            "content_md5": "e412c45cfa088e02aac5e5d41ae11440",
            "content_sha1": "90cefb688e63e15a1cb250b1ac01574d94b442f3",
            "content_sha256": "5a84fe7399eea1e5e1ec32cadf3cf3c7013dd47b978e39600ce78dcd2986518b",
            "content_sha512": "6c43096373e5b8a44762e2b5b8a255410b539e3927dc0cb70afe4a47cd70404bb15955274eb2777fda31b3f9970cbe7f0799d7d94377a8dab28058ac740c5f25",
            "directory_permission": "0777",
            "file_permission": "0777",
            "filename": "/home/ubuntu/terraform-days/terraform-variable/devops_test.txt",
            "id": "90cefb688e63e15a1cb250b1ac01574d94b442f3",
            "sensitive_content": null,
            "source": null
          },
          "sensitive_attributes": [
            [
              {
                "type": "get_attr",
                "value": "sensitive_content"
              }
            ]
          ],
          "identity_schema_version": 0
        }
      ]
    },
    {
      "mode": "managed",
      "type": "local_file",
      "name": "devops-var",
      "provider": "provider[\"registry.terraform.io/hashicorp/local\"]",
      "instances": [
        {
          "schema_version": 0,
          "attributes": {
            "content": "This is auto genrated from a variables",
            "content_base64": null,
            "content_base64sha256": "NTRJ95eh1ItZ8JFQzQ5+ZuuQmP0IwEtRJ8V6HexR/xI=",
            "content_base64sha512": "LJDJNWbGwlFc8CVz9QqrO0ewHmQOJjywYdEARN9+d8RsoqY1nOaRiLvX5FWqCedq80FKowJUWUfyYn1qZZ4fjQ==",
            "content_md5": "b5872b19495dc08f4c7cf9c83341b5f8",
            "content_sha1": "8e0a25dad060dbba05a3a36a57643820bb350c6d",
            "content_sha256": "353449f797a1d48b59f09150cd0e7e66eb9098fd08c04b5127c57a1dec51ff12",
            "content_sha512": "2c90c93566c6c2515cf02573f50aab3b47b01e640e263cb061d10044df7e77c46ca2a6359ce69188bbd7e455aa09e76af3414aa302545947f2627d6a659e1f8d",
            "directory_permission": "0777",
            "file_permission": "0777",
            "filename": "/home/ubuntu/terraform-days/terraform-variable/devops-automated.txt",
            "id": "8e0a25dad060dbba05a3a36a57643820bb350c6d",
            "sensitive_content": null,
            "source": null
          },
          "sensitive_attributes": [
            [
              {
                "type": "get_attr",
                "value": "sensitive_content"
              }
            ]
          ],
          "identity_schema_version": 0
        }
      ]
    }
  ],
  "check_results": null
}
