{
  "version": 4,
  "terraform_version": "1.12.2",
  "serial": 11,
  "lineage": "4bb39629-599b-fe16-589c-c8cda4c7ee5c",
  "outputs": {
    "devops_op_trainer": {
      "value": "deepanshu",
      "type": "string"
    }
  },
  "resources": [
    {
      "mode": "managed",
      "type": "local_file",
      "name": "devops",
      "provider": "provider[\"registry.terraform.io/hashicorp/local\"]",
      "instances": [
        {
          "schema_version": 0,
          "attributes": {
            "content": "This is cool content 1!",
            "content_base64": null,
            "content_base64sha256": "Vn72xe5rneF0qsnnIeVxyGW2m3j5pgE0jZIKwviZ+u8=",
            "content_base64sha512": "QK5eTC6MBRGoWDLQmgHpDAhNB7z/duUkNlOkH2yr8gKY4QB7UhYHi2ynlkjPwlHyoBaGBOoM8KE7E8pauFhejA==",
            "content_md5": "6473f46f9a68abc8373510e2c102d030",
            "content_sha1": "5550870cd164d3e6befddedc6acd0511755a9a36",
            "content_sha256": "567ef6c5ee6b9de174aac9e721e571c865b69b78f9a601348d920ac2f899faef",
            "content_sha512": "40ae5e4c2e8c0511a85832d09a01e90c084d07bcff76e5243653a41f6cabf20298e1007b5216078b6ca79648cfc251f2a0168604ea0cf0a13b13ca5ab8585e8c",
            "directory_permission": "0777",
            "file_permission": "0777",
            "filename": "/home/ubuntu/terraform-days/terraform-variable/devops_test.txt",
            "id": "5550870cd164d3e6befddedc6acd0511755a9a36",
            "sensitive_content": null,
            "source": null
          },
          "sensitive_attributes": [
            [
              {
                "type": "get_attr",
                "value": "sensitive_content"
              }
            ]
          ],
          "identity_schema_version": 0
        }
      ]
    },
    {
      "mode": "managed",
      "type": "local_file",
      "name": "devops-var",
      "provider": "provider[\"registry.terraform.io/hashicorp/local\"]",
      "instances": [
        {
          "schema_version": 0,
          "attributes": {
            "content": "This is cooler content 2!",
            "content_base64": null,
            "content_base64sha256": "rDvPxlae9ySBeesrZoeVer0EwZbE+ICg371SZWaAfJQ=",
            "content_base64sha512": "h92m4wJmmy9JWOiLu4QTMRX8xFL254trgMVXJsASKv7QUTIhp3lAqVddZmmYeXhiA9Vp3uwbHtIdlhWG487NXQ==",
            "content_md5": "3076d58b81d6a5c15ebd3c767787d22f",
            "content_sha1": "1ad12903ecb345284a2ff2b069b11fc5e223380d",
            "content_sha256": "ac3bcfc6569ef7248179eb2b6687957abd04c196c4f880a0dfbd526566807c94",
            "content_sha512": "87dda6e302669b2f4958e88bbb84133115fcc452f6e78b6b80c55726c0122afed0513221a77940a9575d66699879786203d569deec1b1ed21d961586e3cecd5d",
            "directory_permission": "0777",
            "file_permission": "0777",
            "filename": "/home/ubuntu/terraform-days/terraform-variable/devops-automated.txt",
            "id": "1ad12903ecb345284a2ff2b069b11fc5e223380d",
            "sensitive_content": null,
            "source": null
          },
          "sensitive_attributes": [
            [
              {
                "type": "get_attr",
                "value": "sensitive_content"
              }
            ]
          ],
          "identity_schema_version": 0
        }
      ]
    }
  ],
  "check_results": null
}
